
Microsoft Visual Studio Solution File, Format Version 12.00
# Visual Studio 2013
VisualStudioVersion = 12.0.31101.0
MinimumVisualStudioVersion = 10.0.40219.1
Project("{FAE04EC0-301F-11D3-BF4B-00C04F79EFBC}") = "WpfApplication14", "WpfApplication14\WpfApplication14.csproj", "{255D485D-879B-45D0-A78D-6125EADEBA4A}"
EndProject
Global
	GlobalSection(SolutionConfigurationPlatforms) = preSolution
		Debug|Any CPU = Debug|Any CPU
		Release|Any CPU = Release|Any CPU
	EndGlobalSection
	GlobalSection(ProjectConfigurationPlatforms) = postSolution
		{255D485D-879B-45D0-A78D-6125EADEBA4A}.Debug|Any CPU.ActiveCfg = Debug|Any CPU
		{255D485D-879B-45D0-A78D-6125EADEBA4A}.Debug|Any CPU.Build.0 = Debug|Any CPU
		{255D485D-879B-45D0-A78D-6125EADEBA4A}.Release|Any CPU.ActiveCfg = Release|Any CPU
		{255D485D-879B-45D0-A78D-6125EADEBA4A}.Release|Any CPU.Build.0 = Release|Any CPU
	EndGlobalSection
	GlobalSection(SolutionProperties) = preSolution
		HideSolutionNode = FALSE
	EndGlobalSection
EndGlobal
